
Microsoft Visual Studio Solution File, Format Version 12.00
# Visual Studio 2012
VisualStudioVersion = 12.0.21005.1
MinimumVisualStudioVersion = 10.0.40219.1
Project("{FAE04EC0-301F-11D3-BF4B-00C04F79EFBC}") = "SpeedyChef", "SpeedyChef\SpeedyChef.csproj", "{1ADE9B0D-A310-4012-8B60-901A5D2F4D85}"
EndProject
Project("{FAE04EC0-301F-11D3-BF4B-00C04F79EFBC}") = "SpeedyChef.UITests", "SpeedyChef.UITests\SpeedyChef.UITests.csproj", "{8BE2C951-1697-4208-82AF-080A05BB9F12}"
EndProject
Project("{FAE04EC0-301F-11D3-BF4B-00C04F79EFBC}") = "UnitTests", "UnitTests\UnitTests.csproj", "{08856889-A86B-453F-A0A6-EE8882F085A5}"
EndProject
Global
	GlobalSection(SolutionConfigurationPlatforms) = preSolution
		Debug|Any CPU = Debug|Any CPU
		Release|Any CPU = Release|Any CPU
	EndGlobalSection
	GlobalSection(ProjectConfigurationPlatforms) = postSolution
		{08856889-A86B-453F-A0A6-EE8882F085A5}.Debug|Any CPU.ActiveCfg = Debug|Any CPU
		{08856889-A86B-453F-A0A6-EE8882F085A5}.Debug|Any CPU.Build.0 = Debug|Any CPU
		{08856889-A86B-453F-A0A6-EE8882F085A5}.Release|Any CPU.ActiveCfg = Release|Any CPU
		{08856889-A86B-453F-A0A6-EE8882F085A5}.Release|Any CPU.Build.0 = Release|Any CPU
		{1ADE9B0D-A310-4012-8B60-901A5D2F4D85}.Debug|Any CPU.ActiveCfg = Debug|Any CPU
		{1ADE9B0D-A310-4012-8B60-901A5D2F4D85}.Debug|Any CPU.Build.0 = Debug|Any CPU
		{1ADE9B0D-A310-4012-8B60-901A5D2F4D85}.Release|Any CPU.ActiveCfg = Release|Any CPU
		{1ADE9B0D-A310-4012-8B60-901A5D2F4D85}.Release|Any CPU.Build.0 = Release|Any CPU
		{8BE2C951-1697-4208-82AF-080A05BB9F12}.Debug|Any CPU.ActiveCfg = Debug|Any CPU
		{8BE2C951-1697-4208-82AF-080A05BB9F12}.Debug|Any CPU.Build.0 = Debug|Any CPU
		{8BE2C951-1697-4208-82AF-080A05BB9F12}.Release|Any CPU.ActiveCfg = Release|Any CPU
		{8BE2C951-1697-4208-82AF-080A05BB9F12}.Release|Any CPU.Build.0 = Release|Any CPU
	EndGlobalSection
	GlobalSection(SolutionProperties) = preSolution
		HideSolutionNode = FALSE
	EndGlobalSection
EndGlobal
